
Microsoft Visual Studio Solution File, Format Version 12.00
# Visual Studio 2013
VisualStudioVersion = 12.0.21005.1
MinimumVisualStudioVersion = 10.0.40219.1
Project("{FAE04EC0-301F-11D3-BF4B-00C04F79EFBC}") = "Planets", "Planets\Planets.csproj", "{BFB39AE5-8714-49FE-866F-85EBA9C17987}"
EndProject
Project("{FAE04EC0-301F-11D3-BF4B-00C04F79EFBC}") = "PlanetsUnitTest", "PlanetsUnitTest\PlanetsUnitTest.csproj", "{56CC48C1-93E1-4CCE-9323-FCDAFC32849B}"
EndProject
Global
	GlobalSection(SolutionConfigurationPlatforms) = preSolution
		Debug|Any CPU = Debug|Any CPU
		Release|Any CPU = Release|Any CPU
	EndGlobalSection
	GlobalSection(ProjectConfigurationPlatforms) = postSolution
		{BFB39AE5-8714-49FE-866F-85EBA9C17987}.Debug|Any CPU.ActiveCfg = Debug|Any CPU
		{BFB39AE5-8714-49FE-866F-85EBA9C17987}.Debug|Any CPU.Build.0 = Debug|Any CPU
		{BFB39AE5-8714-49FE-866F-85EBA9C17987}.Release|Any CPU.ActiveCfg = Release|Any CPU
		{BFB39AE5-8714-49FE-866F-85EBA9C17987}.Release|Any CPU.Build.0 = Release|Any CPU
		{56CC48C1-93E1-4CCE-9323-FCDAFC32849B}.Debug|Any CPU.ActiveCfg = Debug|Any CPU
		{56CC48C1-93E1-4CCE-9323-FCDAFC32849B}.Debug|Any CPU.Build.0 = Debug|Any CPU
		{56CC48C1-93E1-4CCE-9323-FCDAFC32849B}.Release|Any CPU.ActiveCfg = Release|Any CPU
		{56CC48C1-93E1-4CCE-9323-FCDAFC32849B}.Release|Any CPU.Build.0 = Release|Any CPU
	EndGlobalSection
	GlobalSection(SolutionProperties) = preSolution
		HideSolutionNode = FALSE
	EndGlobalSection
EndGlobal
